{
  "name": "me40321-rule-engine",
  "version": "0.0.1",
  "lockfileVersion": 2,
  "requires": true,
  "packages": {
    "": {
      "name": "me40321-rule-engine",
      "version": "0.0.1",
      "license": "ISC",
      "dependencies": {
        "me40321-database": "^0.0.1"
      }
    },
    "node_modules/me40321-database": {
      "version": "0.0.1",
      "resolved": "https://registry.npmjs.org/me40321-database/-/me40321-database-0.0.1.tgz",
      "integrity": "sha512-pp/uD+qEW9Dc3cItpjaVEJsUxxvC1hmSCkR33dHCBYl+mXhfdYL9SHSHG8fHDlVOeEjtu9H0NgAkOnupw8tYSA=="
    }
  },
  "dependencies": {
    "me40321-database": {
      "version": "0.0.1",
      "resolved": "https://registry.npmjs.org/me40321-database/-/me40321-database-0.0.1.tgz",
      "integrity": "sha512-pp/uD+qEW9Dc3cItpjaVEJsUxxvC1hmSCkR33dHCBYl+mXhfdYL9SHSHG8fHDlVOeEjtu9H0NgAkOnupw8tYSA=="
    }
  }
}
