{
  "name": "me40321-rule-engine",
  "version": "0.0.1",
  "lockfileVersion": 2,
  "requires": true,
  "packages": {
    "": {
      "name": "me40321-rule-engine",
      "version": "0.0.1",
      "license": "ISC",
      "dependencies": {
        "me40321-database": "^0.0.7"
      }
    },
    "node_modules/me40321-database": {
      "version": "0.0.7",
      "resolved": "https://registry.npmjs.org/me40321-database/-/me40321-database-0.0.7.tgz",
      "integrity": "sha512-WCnC4JTN9FPnIq5/YFzw+F4kdWj4NP849U1ksIoWzLoLVo5k1BJdHQUm4bEPvnJMxRvu6bRjWmpqQm53qFv4SQ=="
    }
  },
  "dependencies": {
    "me40321-database": {
      "version": "0.0.7",
      "resolved": "https://registry.npmjs.org/me40321-database/-/me40321-database-0.0.7.tgz",
      "integrity": "sha512-WCnC4JTN9FPnIq5/YFzw+F4kdWj4NP849U1ksIoWzLoLVo5k1BJdHQUm4bEPvnJMxRvu6bRjWmpqQm53qFv4SQ=="
    }
  }
}
