{
  "name": "me40321-rule-engine",
  "version": "0.0.1",
  "lockfileVersion": 2,
  "requires": true,
  "packages": {
    "": {
      "name": "me40321-rule-engine",
      "version": "0.0.1",
      "license": "ISC",
      "dependencies": {
        "me40321-database": "^0.0.6"
      }
    },
    "node_modules/me40321-database": {
      "version": "0.0.6",
      "resolved": "https://registry.npmjs.org/me40321-database/-/me40321-database-0.0.6.tgz",
      "integrity": "sha512-aXW+N2rm8MLD5FgRqaNJgjPPvg73RGNOJnLqjDNrEAdp1/Nl9zW3obMl1By7K6ReDboZrvUSYLJrQYs129Q1Ig=="
    }
  },
  "dependencies": {
    "me40321-database": {
      "version": "0.0.6",
      "resolved": "https://registry.npmjs.org/me40321-database/-/me40321-database-0.0.6.tgz",
      "integrity": "sha512-aXW+N2rm8MLD5FgRqaNJgjPPvg73RGNOJnLqjDNrEAdp1/Nl9zW3obMl1By7K6ReDboZrvUSYLJrQYs129Q1Ig=="
    }
  }
}
